
Microsoft Visual Studio Solution File, Format Version 12.00
# Visual Studio Version 16
VisualStudioVersion = 16.0.29411.108
MinimumVisualStudioVersion = 10.0.40219.1
Project("{FAE04EC0-301F-11D3-BF4B-00C04F79EFBC}") = "Weather.Api", "Weather.Api\Weather.Api.csproj", "{0985FF85-896F-4BAA-9321-B2B161F13544}"
EndProject
Global
	GlobalSection(SolutionConfigurationPlatforms) = preSolution
		Debug|Any CPU = Debug|Any CPU
		Release|Any CPU = Release|Any CPU
	EndGlobalSection
	GlobalSection(ProjectConfigurationPlatforms) = postSolution
		{0985FF85-896F-4BAA-9321-B2B161F13544}.Debug|Any CPU.ActiveCfg = Debug|Any CPU
		{0985FF85-896F-4BAA-9321-B2B161F13544}.Debug|Any CPU.Build.0 = Debug|Any CPU
		{0985FF85-896F-4BAA-9321-B2B161F13544}.Release|Any CPU.ActiveCfg = Release|Any CPU
		{0985FF85-896F-4BAA-9321-B2B161F13544}.Release|Any CPU.Build.0 = Release|Any CPU
	EndGlobalSection
	GlobalSection(SolutionProperties) = preSolution
		HideSolutionNode = FALSE
	EndGlobalSection
	GlobalSection(ExtensibilityGlobals) = postSolution
		SolutionGuid = {7B7CC9FA-2772-4EB4-8080-D174FB74763F}
	EndGlobalSection
EndGlobal
